
Microsoft Visual Studio Solution File, Format Version 12.00
# Visual Studio Version 17
VisualStudioVersion = 17.14.36301.6 d17.14
MinimumVisualStudioVersion = 10.0.40219.1
Project("{FAE04EC0-301F-11D3-BF4B-00C04F79EFBC}") = "SiteTays", "SiteTays.csproj", "{42A20AB7-0EA7-46CF-8658-CE9EFAE0A6E8}"
EndProject
Global
	GlobalSection(SolutionConfigurationPlatforms) = preSolution
		Debug|Any CPU = Debug|Any CPU
		Release|Any CPU = Release|Any CPU
	EndGlobalSection
	GlobalSection(ProjectConfigurationPlatforms) = postSolution
		{42A20AB7-0EA7-46CF-8658-CE9EFAE0A6E8}.Debug|Any CPU.ActiveCfg = Debug|Any CPU
		{42A20AB7-0EA7-46CF-8658-CE9EFAE0A6E8}.Debug|Any CPU.Build.0 = Debug|Any CPU
		{42A20AB7-0EA7-46CF-8658-CE9EFAE0A6E8}.Release|Any CPU.ActiveCfg = Release|Any CPU
		{42A20AB7-0EA7-46CF-8658-CE9EFAE0A6E8}.Release|Any CPU.Build.0 = Release|Any CPU
	EndGlobalSection
	GlobalSection(SolutionProperties) = preSolution
		HideSolutionNode = FALSE
	EndGlobalSection
	GlobalSection(ExtensibilityGlobals) = postSolution
		SolutionGuid = {1EF97D38-CCB3-490C-8C20-083D22290140}
	EndGlobalSection
EndGlobal
